github.com/ebitengine/purego v0.10.1 h1:dewVBCBT2GaMu1SrNTYxQhgQBethzfhiwvZiLGP/qyY=
github.com/ebitengine/purego v0.10.1/go.mod h1:iIjxzd6CiRiOG0UyXP+V1+jWqUXVjPKLAI0mRfJZTmQ=
golang.design/x/accel v0.0.0-20260825143453-05ff9973d4a7 h1:VEq3ZXnsU5ubqWAGODNTTkqlGVI30v3w4cvnp4hpXCU=
golang.design/x/accel v0.0.0-20260825143453-05ff9973d4a7/go.mod h1:eLMrBJbg3V0yKC5qnnSpMyU0Dt1059gmXEGVCYBVjRA=
golang.design/x/accel v0.0.0-20260826172234-fce4998abdb7 h1:E12LBz3XtKjbFt5a5UBKXWMRY646sY47oqCv4L6xtaI=
golang.design/x/accel v0.0.0-20260826172234-fce4998abdb7/go.mod h1:eLMrBJbg3V0yKC5qnnSpMyU0Dt1059gmXEGVCYBVjRA=
golang.design/x/accel v0.0.0-20260827081124-19225bb6a0d6 h1:1sx6Ff/SUxwr7ekkYv6FkqP1g2mq2vIMcRPAYkePpn0=
golang.design/x/accel v0.0.0-20260827081124-19225bb6a0d6/go.mod h1:eLMrBJbg3V0yKC5qnnSpMyU0Dt1059gmXEGVCYBVjRA=
golang.design/x/accel v0.0.0-20260827102126-e09ec54bda1d h1:IFrLFCplj/vY7Kl5tTs7M06ChgcYoDix1uE3yvLJ8lQ=
golang.design/x/accel v0.0.0-20260827102126-e09ec54bda1d/go.mod h1:eLMrBJbg3V0yKC5qnnSpMyU0Dt1059gmXEGVCYBVjRA=
golang.org/x/text v0.41.0 h1:vz/seA0lnX87Othu2f/0L24RcgrXD9/YFTSuGjj3rH8=
golang.org/x/text v0.41.0/go.mod h1:jvf1O8ajNzZqhSrQBPbutR/EB83Cc0CFrezNQIwbb5M=
latere.ai/x/pkg v0.41.0 h1:MeXiO6vxBLniOVxbQgWrGckFbZLg249ElYj1ifmcMS4=
latere.ai/x/pkg v0.41.0/go.mod h1:xP+/sQTNm74Tv4eCSYyqqyXU7x9LhBDrJ9BrlMelo7w=
